
Microsoft Visual Studio Solution File, Format Version 12.00
# Visual Studio Version 17
VisualStudioVersion = 17.3.32929.385
MinimumVisualStudioVersion = 10.0.40219.1
Project("{FAE04EC0-301F-11D3-BF4B-00C04F79EFBC}") = "Sebastian_Engelstajn_Casting", "Sebastian_Engelstajn_Casting.csproj", "{C0F4FE79-D70A-4B2B-A808-7F8DA20C7A74}"
EndProject
Global
	GlobalSection(SolutionConfigurationPlatforms) = preSolution
		Debug|Any CPU = Debug|Any CPU
		Release|Any CPU = Release|Any CPU
	EndGlobalSection
	GlobalSection(ProjectConfigurationPlatforms) = postSolution
		{C0F4FE79-D70A-4B2B-A808-7F8DA20C7A74}.Debug|Any CPU.ActiveCfg = Debug|Any CPU
		{C0F4FE79-D70A-4B2B-A808-7F8DA20C7A74}.Debug|Any CPU.Build.0 = Debug|Any CPU
		{C0F4FE79-D70A-4B2B-A808-7F8DA20C7A74}.Release|Any CPU.ActiveCfg = Release|Any CPU
		{C0F4FE79-D70A-4B2B-A808-7F8DA20C7A74}.Release|Any CPU.Build.0 = Release|Any CPU
	EndGlobalSection
	GlobalSection(SolutionProperties) = preSolution
		HideSolutionNode = FALSE
	EndGlobalSection
	GlobalSection(ExtensibilityGlobals) = postSolution
		SolutionGuid = {CA72A659-6E59-433E-9DC1-52A0193843A0}
	EndGlobalSection
EndGlobal
